// !$*UTF8*$!
{
	archiveVersion = 1;
	classes = {
	};
	objectVersion = 56;
	objects = {

/* Begin PBXBuildFile section */
		D000B00E2A8B96CF00794A47 /* Palindrome_Number.swift in Sources */ = {isa = PBXBuildFile; fileRef = D000B00D2A8B96CF00794A47 /* Palindrome_Number.swift */; };
		D000B0102A8B9AB800794A47 /* Monotonic_Problem.swift in Sources */ = {isa = PBXBuildFile; fileRef = D000B00F2A8B9AB800794A47 /* Monotonic_Problem.swift */; };
		D0496BFF2A88E2B000F88F20 /* AppDelegate.swift in Sources */ = {isa = PBXBuildFile; fileRef = D0496BFE2A88E2B000F88F20 /* AppDelegate.swift */; };
		D0496C012A88E2B000F88F20 /* SceneDelegate.swift in Sources */ = {isa = PBXBuildFile; fileRef = D0496C002A88E2B000F88F20 /* SceneDelegate.swift */; };
		D0496C032A88E2B000F88F20 /* ViewController.swift in Sources */ = {isa = PBXBuildFile; fileRef = D0496C022A88E2B000F88F20 /* ViewController.swift */; };
		D0496C062A88E2B000F88F20 /* Main.storyboard in Resources */ = {isa = PBXBuildFile; fileRef = D0496C042A88E2B000F88F20 /* Main.storyboard */; };
		D0496C082A88E2B100F88F20 /* Assets.xcassets in Resources */ = {isa = PBXBuildFile; fileRef = D0496C072A88E2B100F88F20 /* Assets.xcassets */; };
		D0496C0B2A88E2B100F88F20 /* LaunchScreen.storyboard in Resources */ = {isa = PBXBuildFile; fileRef = D0496C092A88E2B100F88F20 /* LaunchScreen.storyboard */; };
		D0496C142A88E2D600F88F20 /* TwoSumArray.swift in Sources */ = {isa = PBXBuildFile; fileRef = D0496C132A88E2D600F88F20 /* TwoSumArray.swift */; };
		D04DB2642AA8DD030051AF20 /* RemoveDuplicate.swift in Sources */ = {isa = PBXBuildFile; fileRef = D04DB2632AA8DD030051AF20 /* RemoveDuplicate.swift */; };
/* End PBXBuildFile section */

/* Begin PBXFileReference section */
		D000B00D2A8B96CF00794A47 /* Palindrome_Number.swift */ = {isa = PBXFileReference; lastKnownFileType = sourcecode.swift; path = Palindrome_Number.swift; sourceTree = "<group>"; };
		D000B00F2A8B9AB800794A47 /* Monotonic_Problem.swift */ = {isa = PBXFileReference; lastKnownFileType = sourcecode.swift; path = Monotonic_Problem.swift; sourceTree = "<group>"; };
		D0496BFB2A88E2B000F88F20 /* leet_code.app */ = {isa = PBXFileReference; explicitFileType = wrapper.application; includeInIndex = 0; path = leet_code.app; sourceTree = BUILT_PRODUCTS_DIR; };
		D0496BFE2A88E2B000F88F20 /* AppDelegate.swift */ = {isa = PBXFileReference; lastKnownFileType = sourcecode.swift; path = AppDelegate.swift; sourceTree = "<group>"; };
		D0496C002A88E2B000F88F20 /* SceneDelegate.swift */ = {isa = PBXFileReference; lastKnownFileType = sourcecode.swift; path = SceneDelegate.swift; sourceTree = "<group>"; };
		D0496C022A88E2B000F88F20 /* ViewController.swift */ = {isa = PBXFileReference; lastKnownFileType = sourcecode.swift; path = ViewController.swift; sourceTree = "<group>"; };
		D0496C052A88E2B000F88F20 /* Base */ = {isa = PBXFileReference; lastKnownFileType = file.storyboard; name = Base; path = Base.lproj/Main.storyboard; sourceTree = "<group>"; };
		D0496C072A88E2B100F88F20 /* Assets.xcassets */ = {isa = PBXFileReference; lastKnownFileType = folder.assetcatalog; path = Assets.xcassets; sourceTree = "<group>"; };
		D0496C0A2A88E2B100F88F20 /* Base */ = {isa = PBXFileReference; lastKnownFileType = file.storyboard; name = Base; path = Base.lproj/LaunchScreen.storyboard; sourceTree = "<group>"; };
		D0496C0C2A88E2B100F88F20 /* Info.plist */ = {isa = PBXFileReference; lastKnownFileType = text.plist.xml; path = Info.plist; sourceTree = "<group>"; };
		D0496C132A88E2D600F88F20 /* TwoSumArray.swift */ = {isa = PBXFileReference; lastKnownFileType = sourcecode.swift; path = TwoSumArray.swift; sourceTree = "<group>"; };
		D04DB2632AA8DD030051AF20 /* RemoveDuplicate.swift */ = {isa = PBXFileReference; lastKnownFileType = sourcecode.swift; path = RemoveDuplicate.swift; sourceTree = "<group>"; };
/* End PBXFileReference section */

/* Begin PBXFrameworksBuildPhase section */
		D0496BF82A88E2B000F88F20 /* Frameworks */ = {
			isa = PBXFrameworksBuildPhase;
			buildActionMask = 2147483647;
			files = (
			);
			runOnlyForDeploymentPostprocessing = 0;
		};
/* End PBXFrameworksBuildPhase section */

/* Begin PBXGroup section */
		D0496BF22A88E2B000F88F20 = {
			isa = PBXGroup;
			children = (
				D0496BFD2A88E2B000F88F20 /* leet_code */,
				D0496BFC2A88E2B000F88F20 /* Products */,
			);
			sourceTree = "<group>";
		};
		D0496BFC2A88E2B000F88F20 /* Products */ = {
			isa = PBXGroup;
			children = (
				D0496BFB2A88E2B000F88F20 /* leet_code.app */,
			);
			name = Products;
			sourceTree = "<group>";
		};
		D0496BFD2A88E2B000F88F20 /* leet_code */ = {
			isa = PBXGroup;
			children = (
				D0496C122A88E2BB00F88F20 /* Arrays */,
				D0496BFE2A88E2B000F88F20 /* AppDelegate.swift */,
				D0496C002A88E2B000F88F20 /* SceneDelegate.swift */,
				D0496C022A88E2B000F88F20 /* ViewController.swift */,
				D0496C042A88E2B000F88F20 /* Main.storyboard */,
				D0496C072A88E2B100F88F20 /* Assets.xcassets */,
				D0496C092A88E2B100F88F20 /* LaunchScreen.storyboard */,
				D0496C0C2A88E2B100F88F20 /* Info.plist */,
			);
			path = leet_code;
			sourceTree = "<group>";
		};
		D0496C122A88E2BB00F88F20 /* Arrays */ = {
			isa = PBXGroup;
			children = (
				D0496C132A88E2D600F88F20 /* TwoSumArray.swift */,
				D000B00D2A8B96CF00794A47 /* Palindrome_Number.swift */,
				D000B00F2A8B9AB800794A47 /* Monotonic_Problem.swift */,
				D04DB2632AA8DD030051AF20 /* RemoveDuplicate.swift */,
			);
			path = Arrays;
			sourceTree = "<group>";
		};
/* End PBXGroup section */

/* Begin PBXNativeTarget section */
		D0496BFA2A88E2B000F88F20 /* leet_code */ = {
			isa = PBXNativeTarget;
			buildConfigurationList = D0496C0F2A88E2B100F88F20 /* Build configuration list for PBXNativeTarget "leet_code" */;
			buildPhases = (
				D0496BF72A88E2B000F88F20 /* Sources */,
				D0496BF82A88E2B000F88F20 /* Frameworks */,
				D0496BF92A88E2B000F88F20 /* Resources */,
			);
			buildRules = (
			);
			dependencies = (
			);
			name = leet_code;
			productName = leet_code;
			productReference = D0496BFB2A88E2B000F88F20 /* leet_code.app */;
			productType = "com.apple.product-type.application";
		};
/* End PBXNativeTarget section */

/* Begin PBXProject section */
		D0496BF32A88E2B000F88F20 /* Project object */ = {
			isa = PBXProject;
			attributes = {
				BuildIndependentTargetsInParallel = 1;
				LastSwiftUpdateCheck = 1430;
				LastUpgradeCheck = 1430;
				TargetAttributes = {
					D0496BFA2A88E2B000F88F20 = {
						CreatedOnToolsVersion = 14.3;
					};
				};
			};
			buildConfigurationList = D0496BF62A88E2B000F88F20 /* Build configuration list for PBXProject "leet_code" */;
			compatibilityVersion = "Xcode 14.0";
			developmentRegion = en;
			hasScannedForEncodings = 0;
			knownRegions = (
				en,
				Base,
			);
			mainGroup = D0496BF22A88E2B000F88F20;
			productRefGroup = D0496BFC2A88E2B000F88F20 /* Products */;
			projectDirPath = "";
			projectRoot = "";
			targets = (
				D0496BFA2A88E2B000F88F20 /* leet_code */,
			);
		};
/* End PBXProject section */

/* Begin PBXResourcesBuildPhase section */
		D0496BF92A88E2B000F88F20 /* Resources */ = {
			isa = PBXResourcesBuildPhase;
			buildActionMask = 2147483647;
			files = (
				D0496C0B2A88E2B100F88F20 /* LaunchScreen.storyboard in Resources */,
				D0496C082A88E2B100F88F20 /* Assets.xcassets in Resources */,
				D0496C062A88E2B000F88F20 /* Main.storyboard in Resources */,
			);
			runOnlyForDeploymentPostprocessing = 0;
		};
/* End PBXResourcesBuildPhase section */

/* Begin PBXSourcesBuildPhase section */
		D0496BF72A88E2B000F88F20 /* Sources */ = {
			isa = PBXSourcesBuildPhase;
			buildActionMask = 2147483647;
			files = (
				D0496C032A88E2B000F88F20 /* ViewController.swift in Sources */,
				D04DB2642AA8DD030051AF20 /* RemoveDuplicate.swift in Sources */,
				D0496BFF2A88E2B000F88F20 /* AppDelegate.swift in Sources */,
				D000B00E2A8B96CF00794A47 /* Palindrome_Number.swift in Sources */,
				D0496C142A88E2D600F88F20 /* TwoSumArray.swift in Sources */,
				D000B0102A8B9AB800794A47 /* Monotonic_Problem.swift in Sources */,
				D0496C012A88E2B000F88F20 /* SceneDelegate.swift in Sources */,
			);
			runOnlyForDeploymentPostprocessing = 0;
		};
/* End PBXSourcesBuildPhase section */

/* Begin PBXVariantGroup section */
		D0496C042A88E2B000F88F20 /* Main.storyboard */ = {
			isa = PBXVariantGroup;
			children = (
				D0496C052A88E2B000F88F20 /* Base */,
			);
			name = Main.storyboard;
			sourceTree = "<group>";
		};
		D0496C092A88E2B100F88F20 /* LaunchScreen.storyboard */ = {
			isa = PBXVariantGroup;
			children = (
				D0496C0A2A88E2B100F88F20 /* Base */,
			);
			name = LaunchScreen.storyboard;
			sourceTree = "<group>";
		};
/* End PBXVariantGroup section */

/* Begin XCBuildConfiguration section */
		D0496C0D2A88E2B100F88F20 /* Debug */ = {
			isa = XCBuildConfiguration;
			buildSettings = {
				ALWAYS_SEARCH_USER_PATHS = NO;
				CLANG_ANALYZER_NONNULL = YES;
				CLANG_ANALYZER_NUMBER_OBJECT_CONVERSION = YES_AGGRESSIVE;
				CLANG_CXX_LANGUAGE_STANDARD = "gnu++20";
				CLANG_ENABLE_MODULES = YES;
				CLANG_ENABLE_OBJC_ARC = YES;
				CLANG_ENABLE_OBJC_WEAK = YES;
				CLANG_WARN_BLOCK_CAPTURE_AUTORELEASING = YES;
				CLANG_WARN_BOOL_CONVERSION = YES;
				CLANG_WARN_COMMA = YES;
				CLANG_WARN_CONSTANT_CONVERSION = YES;
				CLANG_WARN_DEPRECATED_OBJC_IMPLEMENTATIONS = YES;
				CLANG_WARN_DIRECT_OBJC_ISA_USAGE = YES_ERROR;
				CLANG_WARN_DOCUMENTATION_COMMENTS = YES;
				CLANG_WARN_EMPTY_BODY = YES;
				CLANG_WARN_ENUM_CONVERSION = YES;
				CLANG_WARN_INFINITE_RECURSION = YES;
				CLANG_WARN_INT_CONVERSION = YES;
				CLANG_WARN_NON_LITERAL_NULL_CONVERSION = YES;
				CLANG_WARN_OBJC_IMPLICIT_RETAIN_SELF = YES;
				CLANG_WARN_OBJC_LITERAL_CONVERSION = YES;
				CLANG_WARN_OBJC_ROOT_CLASS = YES_ERROR;
				CLANG_WARN_QUOTED_INCLUDE_IN_FRAMEWORK_HEADER = YES;
				CLANG_WARN_RANGE_LOOP_ANALYSIS = YES;
				CLANG_WARN_STRICT_PROTOTYPES = YES;
				CLANG_WARN_SUSPICIOUS_MOVE = YES;
				CLANG_WARN_UNGUARDED_AVAILABILITY = YES_AGGRESSIVE;
				CLANG_WARN_UNREACHABLE_CODE = YES;
				CLANG_WARN__DUPLICATE_METHOD_MATCH = YES;
				COPY_PHASE_STRIP = NO;
				DEBUG_INFORMATION_FORMAT = dwarf;
				ENABLE_STRICT_OBJC_MSGSEND = YES;
				ENABLE_TESTABILITY = YES;
				GCC_C_LANGUAGE_STANDARD = gnu11;
				GCC_DYNAMIC_NO_PIC = NO;
				GCC_NO_COMMON_BLOCKS = YES;
				GCC_OPTIMIZATION_LEVEL = 0;
				GCC_PREPROCESSOR_DEFINITIONS = (
					"DEBUG=1",
					"$(inherited)",
				);
				GCC_WARN_64_TO_32_BIT_CONVERSION = YES;
				GCC_WARN_ABOUT_RETURN_TYPE = YES_ERROR;
				GCC_WARN_UNDECLARED_SELECTOR = YES;
				GCC_WARN_UNINITIALIZED_AUTOS = YES_AGGRESSIVE;
				GCC_WARN_UNUSED_FUNCTION = YES;
				GCC_WARN_UNUSED_VARIABLE = YES;
				IPHONEOS_DEPLOYMENT_TARGET = 16.4;
				MTL_ENABLE_DEBUG_INFO = INCLUDE_SOURCE;
				MTL_FAST_MATH = YES;
				ONLY_ACTIVE_ARCH = YES;
				SDKROOT = iphoneos;
				SWIFT_ACTIVE_COMPILATION_CONDITIONS = DEBUG;
				SWIFT_OPTIMIZATION_LEVEL = "-Onone";
			};
			name = Debug;
		};
		D0496C0E2A88E2B100F88F20 /* Release */ = {
			isa = XCBuildConfiguration;
			buildSettings = {
				ALWAYS_SEARCH_USER_PATHS = NO;
				CLANG_ANALYZER_NONNULL = YES;
				CLANG_ANALYZER_NUMBER_OBJECT_CONVERSION = YES_AGGRESSIVE;
				CLANG_CXX_LANGUAGE_STANDARD = "gnu++20";
				CLANG_ENABLE_MODULES = YES;
				CLANG_ENABLE_OBJC_ARC = YES;
				CLANG_ENABLE_OBJC_WEAK = YES;
				CLANG_WARN_BLOCK_CAPTURE_AUTORELEASING = YES;
				CLANG_WARN_BOOL_CONVERSION = YES;
				CLANG_WARN_COMMA = YES;
				CLANG_WARN_CONSTANT_CONVERSION = YES;
				CLANG_WARN_DEPRECATED_OBJC_IMPLEMENTATIONS = YES;
				CLANG_WARN_DIRECT_OBJC_ISA_USAGE = YES_ERROR;
				CLANG_WARN_DOCUMENTATION_COMMENTS = YES;
				CLANG_WARN_EMPTY_BODY = YES;
				CLANG_WARN_ENUM_CONVERSION = YES;
				CLANG_WARN_INFINITE_RECURSION = YES;
				CLANG_WARN_INT_CONVERSION = YES;
				CLANG_WARN_NON_LITERAL_NULL_CONVERSION = YES;
				CLANG_WARN_OBJC_IMPLICIT_RETAIN_SELF = YES;
				CLANG_WARN_OBJC_LITERAL_CONVERSION = YES;
				CLANG_WARN_OBJC_ROOT_CLASS = YES_ERROR;
				CLANG_WARN_QUOTED_INCLUDE_IN_FRAMEWORK_HEADER = YES;
				CLANG_WARN_RANGE_LOOP_ANALYSIS = YES;
				CLANG_WARN_STRICT_PROTOTYPES = YES;
				CLANG_WARN_SUSPICIOUS_MOVE = YES;
				CLANG_WARN_UNGUARDED_AVAILABILITY = YES_AGGRESSIVE;
				CLANG_WARN_UNREACHABLE_CODE = YES;
				CLANG_WARN__DUPLICATE_METHOD_MATCH = YES;
				COPY_PHASE_STRIP = NO;
				DEBUG_INFORMATION_FORMAT = "dwarf-with-dsym";
				ENABLE_NS_ASSERTIONS = NO;
				ENABLE_STRICT_OBJC_MSGSEND = YES;
				GCC_C_LANGUAGE_STANDARD = gnu11;
				GCC_NO_COMMON_BLOCKS = YES;
				GCC_WARN_64_TO_32_BIT_CONVERSION = YES;
				GCC_WARN_ABOUT_RETURN_TYPE = YES_ERROR;
				GCC_WARN_UNDECLARED_SELECTOR = YES;
				GCC_WARN_UNINITIALIZED_AUTOS = YES_AGGRESSIVE;
				GCC_WARN_UNUSED_FUNCTION = YES;
				GCC_WARN_UNUSED_VARIABLE = YES;
				IPHONEOS_DEPLOYMENT_TARGET = 16.4;
				MTL_ENABLE_DEBUG_INFO = NO;
				MTL_FAST_MATH = YES;
				SDKROOT = iphoneos;
				SWIFT_COMPILATION_MODE = wholemodule;
				SWIFT_OPTIMIZATION_LEVEL = "-O";
				VALIDATE_PRODUCT = YES;
			};
			name = Release;
		};
		D0496C102A88E2B100F88F20 /* Debug */ = {
			isa = XCBuildConfiguration;
			buildSettings = {
				ASSETCATALOG_COMPILER_APPICON_NAME = AppIcon;
				ASSETCATALOG_COMPILER_GLOBAL_ACCENT_COLOR_NAME = AccentColor;
				CODE_SIGN_STYLE = Automatic;
				CURRENT_PROJECT_VERSION = 1;
				DEVELOPMENT_TEAM = SCCRUHQ7HK;
				GENERATE_INFOPLIST_FILE = YES;
				INFOPLIST_FILE = leet_code/Info.plist;
				INFOPLIST_KEY_UIApplicationSupportsIndirectInputEvents = YES;
				INFOPLIST_KEY_UILaunchStoryboardName = LaunchScreen;
				INFOPLIST_KEY_UIMainStoryboardFile = Main;
				INFOPLIST_KEY_UISupportedInterfaceOrientations_iPad = "UIInterfaceOrientationPortrait UIInterfaceOrientationPortraitUpsideDown UIInterfaceOrientationLandscapeLeft UIInterfaceOrientationLandscapeRight";
				INFOPLIST_KEY_UISupportedInterfaceOrientations_iPhone = "UIInterfaceOrientationPortrait UIInterfaceOrientationLandscapeLeft UIInterfaceOrientationLandscapeRight";
				LD_RUNPATH_SEARCH_PATHS = (
					"$(inherited)",
					"@executable_path/Frameworks",
				);
				MARKETING_VERSION = 1.0;
				PRODUCT_BUNDLE_IDENTIFIER = "com.akshay.leet-code";
				PRODUCT_NAME = "$(TARGET_NAME)";
				SWIFT_EMIT_LOC_STRINGS = YES;
				SWIFT_VERSION = 5.0;
				TARGETED_DEVICE_FAMILY = "1,2";
			};
			name = Debug;
		};
		D0496C112A88E2B100F88F20 /* Release */ = {
			isa = XCBuildConfiguration;
			buildSettings = {
				ASSETCATALOG_COMPILER_APPICON_NAME = AppIcon;
				ASSETCATALOG_COMPILER_GLOBAL_ACCENT_COLOR_NAME = AccentColor;
				CODE_SIGN_STYLE = Automatic;
				CURRENT_PROJECT_VERSION = 1;
				DEVELOPMENT_TEAM = SCCRUHQ7HK;
				GENERATE_INFOPLIST_FILE = YES;
				INFOPLIST_FILE = leet_code/Info.plist;
				INFOPLIST_KEY_UIApplicationSupportsIndirectInputEvents = YES;
				INFOPLIST_KEY_UILaunchStoryboardName = LaunchScreen;
				INFOPLIST_KEY_UIMainStoryboardFile = Main;
				INFOPLIST_KEY_UISupportedInterfaceOrientations_iPad = "UIInterfaceOrientationPortrait UIInterfaceOrientationPortraitUpsideDown UIInterfaceOrientationLandscapeLeft UIInterfaceOrientationLandscapeRight";
				INFOPLIST_KEY_UISupportedInterfaceOrientations_iPhone = "UIInterfaceOrientationPortrait UIInterfaceOrientationLandscapeLeft UIInterfaceOrientationLandscapeRight";
				LD_RUNPATH_SEARCH_PATHS = (
					"$(inherited)",
					"@executable_path/Frameworks",
				);
				MARKETING_VERSION = 1.0;
				PRODUCT_BUNDLE_IDENTIFIER = "com.akshay.leet-code";
				PRODUCT_NAME = "$(TARGET_NAME)";
				SWIFT_EMIT_LOC_STRINGS = YES;
				SWIFT_VERSION = 5.0;
				TARGETED_DEVICE_FAMILY = "1,2";
			};
			name = Release;
		};
/* End XCBuildConfiguration section */

/* Begin XCConfigurationList section */
		D0496BF62A88E2B000F88F20 /* Build configuration list for PBXProject "leet_code" */ = {
			isa = XCConfigurationList;
			buildConfigurations = (
				D0496C0D2A88E2B100F88F20 /* Debug */,
				D0496C0E2A88E2B100F88F20 /* Release */,
			);
			defaultConfigurationIsVisible = 0;
			defaultConfigurationName = Release;
		};
		D0496C0F2A88E2B100F88F20 /* Build configuration list for PBXNativeTarget "leet_code" */ = {
			isa = XCConfigurationList;
			buildConfigurations = (
				D0496C102A88E2B100F88F20 /* Debug */,
				D0496C112A88E2B100F88F20 /* Release */,
			);
			defaultConfigurationIsVisible = 0;
			defaultConfigurationName = Release;
		};
/* End XCConfigurationList section */
	};
	rootObject = D0496BF32A88E2B000F88F20 /* Project object */;
}
